
Microsoft Visual Studio Solution File, Format Version 12.00
# Visual Studio 15
VisualStudioVersion = 15.0.28307.271
MinimumVisualStudioVersion = 10.0.40219.1
Project("{8BC9CEB8-8B4A-11D0-8D11-00A0C91BC942}") = "ratel.basic", "ratel.basic\ratel.basic.vcxproj", "{1B5F67E6-5EB7-4628-96F1-FD98CF26318C}"
EndProject
Project("{8BC9CEB8-8B4A-11D0-8D11-00A0C91BC942}") = "ratel.kernel", "ratel.kernel\ratel.kernel.vcxproj", "{ADEC7427-4B28-447A-9EB0-E76E2DF34F68}"
	ProjectSection(ProjectDependencies) = postProject
		{1B5F67E6-5EB7-4628-96F1-FD98CF26318C} = {1B5F67E6-5EB7-4628-96F1-FD98CF26318C}
	EndProjectSection
EndProject
Project("{8BC9CEB8-8B4A-11D0-8D11-00A0C91BC942}") = "ratel.package", "ratel.package\ratel.package.vcxproj", "{7DBF8B5E-94AC-4FA1-A5A6-2B0943CDD441}"
	ProjectSection(ProjectDependencies) = postProject
		{D7E2B7C5-717A-4031-B1AC-1AD406AAF83D} = {D7E2B7C5-717A-4031-B1AC-1AD406AAF83D}
		{C15C9CD7-0418-42D7-A1C5-7EA3764FCB16} = {C15C9CD7-0418-42D7-A1C5-7EA3764FCB16}
		{1B5F67E6-5EB7-4628-96F1-FD98CF26318C} = {1B5F67E6-5EB7-4628-96F1-FD98CF26318C}
	EndProjectSection
EndProject
Project("{8BC9CEB8-8B4A-11D0-8D11-00A0C91BC942}") = "ratel.doc", "ratel.doc\ratel.doc.vcxproj", "{EEFC5F89-2024-4AC7-BF4B-FD5178F2F08A}"
EndProject
Project("{8BC9CEB8-8B4A-11D0-8D11-00A0C91BC942}") = "ratel.filesys", "ratel.filesys\ratel.filesys.vcxproj", "{C15C9CD7-0418-42D7-A1C5-7EA3764FCB16}"
EndProject
Project("{8BC9CEB8-8B4A-11D0-8D11-00A0C91BC942}") = "testbasic", "testbasic\testbasic.vcxproj", "{622E200A-C291-489D-9E25-9EF288E39152}"
	ProjectSection(ProjectDependencies) = postProject
		{1B5F67E6-5EB7-4628-96F1-FD98CF26318C} = {1B5F67E6-5EB7-4628-96F1-FD98CF26318C}
	EndProjectSection
EndProject
Project("{8BC9CEB8-8B4A-11D0-8D11-00A0C91BC942}") = "testpackage", "testpackage\testpackage.vcxproj", "{B0F31D11-D2A3-48C6-872A-B478E4769C58}"
	ProjectSection(ProjectDependencies) = postProject
		{7DBF8B5E-94AC-4FA1-A5A6-2B0943CDD441} = {7DBF8B5E-94AC-4FA1-A5A6-2B0943CDD441}
	EndProjectSection
EndProject
Project("{8BC9CEB8-8B4A-11D0-8D11-00A0C91BC942}") = "ratel.sqlite", "ratel.sqlite\ratel.sqlite.vcxproj", "{D7E2B7C5-717A-4031-B1AC-1AD406AAF83D}"
	ProjectSection(ProjectDependencies) = postProject
		{C15C9CD7-0418-42D7-A1C5-7EA3764FCB16} = {C15C9CD7-0418-42D7-A1C5-7EA3764FCB16}
		{1B5F67E6-5EB7-4628-96F1-FD98CF26318C} = {1B5F67E6-5EB7-4628-96F1-FD98CF26318C}
	EndProjectSection
EndProject
Project("{8BC9CEB8-8B4A-11D0-8D11-00A0C91BC942}") = "testsqlite", "testsqlite\testsqlite.vcxproj", "{6D49EA19-8777-4592-9F42-5C703C4B841C}"
	ProjectSection(ProjectDependencies) = postProject
		{D7E2B7C5-717A-4031-B1AC-1AD406AAF83D} = {D7E2B7C5-717A-4031-B1AC-1AD406AAF83D}
	EndProjectSection
EndProject
Project("{8BC9CEB8-8B4A-11D0-8D11-00A0C91BC942}") = "tinypack", "tinypack\tinypack.vcxproj", "{227F5653-3857-4922-AB9C-29375DB7D42E}"
	ProjectSection(ProjectDependencies) = postProject
		{7DBF8B5E-94AC-4FA1-A5A6-2B0943CDD441} = {7DBF8B5E-94AC-4FA1-A5A6-2B0943CDD441}
		{1B5F67E6-5EB7-4628-96F1-FD98CF26318C} = {1B5F67E6-5EB7-4628-96F1-FD98CF26318C}
	EndProjectSection
EndProject
Project("{8BC9CEB8-8B4A-11D0-8D11-00A0C91BC942}") = "ratel.serialization", "ratel.serialization\ratel.serialization.vcxproj", "{C0023E7E-5A1B-418A-A91A-A46A34AC7880}"
EndProject
Global
	GlobalSection(SolutionConfigurationPlatforms) = preSolution
		Debug|x64 = Debug|x64
		Debug|x86 = Debug|x86
		Release|x64 = Release|x64
		Release|x86 = Release|x86
	EndGlobalSection
	GlobalSection(ProjectConfigurationPlatforms) = postSolution
		{1B5F67E6-5EB7-4628-96F1-FD98CF26318C}.Debug|x64.ActiveCfg = Debug|x64
		{1B5F67E6-5EB7-4628-96F1-FD98CF26318C}.Debug|x64.Build.0 = Debug|x64
		{1B5F67E6-5EB7-4628-96F1-FD98CF26318C}.Debug|x86.ActiveCfg = Debug|Win32
		{1B5F67E6-5EB7-4628-96F1-FD98CF26318C}.Debug|x86.Build.0 = Debug|Win32
		{1B5F67E6-5EB7-4628-96F1-FD98CF26318C}.Release|x64.ActiveCfg = Release|x64
		{1B5F67E6-5EB7-4628-96F1-FD98CF26318C}.Release|x64.Build.0 = Release|x64
		{1B5F67E6-5EB7-4628-96F1-FD98CF26318C}.Release|x86.ActiveCfg = Release|Win32
		{1B5F67E6-5EB7-4628-96F1-FD98CF26318C}.Release|x86.Build.0 = Release|Win32
		{ADEC7427-4B28-447A-9EB0-E76E2DF34F68}.Debug|x64.ActiveCfg = Debug|x64
		{ADEC7427-4B28-447A-9EB0-E76E2DF34F68}.Debug|x64.Build.0 = Debug|x64
		{ADEC7427-4B28-447A-9EB0-E76E2DF34F68}.Debug|x86.ActiveCfg = Debug|Win32
		{ADEC7427-4B28-447A-9EB0-E76E2DF34F68}.Debug|x86.Build.0 = Debug|Win32
		{ADEC7427-4B28-447A-9EB0-E76E2DF34F68}.Release|x64.ActiveCfg = Release|x64
		{ADEC7427-4B28-447A-9EB0-E76E2DF34F68}.Release|x64.Build.0 = Release|x64
		{ADEC7427-4B28-447A-9EB0-E76E2DF34F68}.Release|x86.ActiveCfg = Release|Win32
		{ADEC7427-4B28-447A-9EB0-E76E2DF34F68}.Release|x86.Build.0 = Release|Win32
		{7DBF8B5E-94AC-4FA1-A5A6-2B0943CDD441}.Debug|x64.ActiveCfg = Debug|x64
		{7DBF8B5E-94AC-4FA1-A5A6-2B0943CDD441}.Debug|x64.Build.0 = Debug|x64
		{7DBF8B5E-94AC-4FA1-A5A6-2B0943CDD441}.Debug|x86.ActiveCfg = Debug|Win32
		{7DBF8B5E-94AC-4FA1-A5A6-2B0943CDD441}.Debug|x86.Build.0 = Debug|Win32
		{7DBF8B5E-94AC-4FA1-A5A6-2B0943CDD441}.Release|x64.ActiveCfg = Release|x64
		{7DBF8B5E-94AC-4FA1-A5A6-2B0943CDD441}.Release|x64.Build.0 = Release|x64
		{7DBF8B5E-94AC-4FA1-A5A6-2B0943CDD441}.Release|x86.ActiveCfg = Release|Win32
		{7DBF8B5E-94AC-4FA1-A5A6-2B0943CDD441}.Release|x86.Build.0 = Release|Win32
		{EEFC5F89-2024-4AC7-BF4B-FD5178F2F08A}.Debug|x64.ActiveCfg = Debug|x64
		{EEFC5F89-2024-4AC7-BF4B-FD5178F2F08A}.Debug|x64.Build.0 = Debug|x64
		{EEFC5F89-2024-4AC7-BF4B-FD5178F2F08A}.Debug|x86.ActiveCfg = Debug|Win32
		{EEFC5F89-2024-4AC7-BF4B-FD5178F2F08A}.Debug|x86.Build.0 = Debug|Win32
		{EEFC5F89-2024-4AC7-BF4B-FD5178F2F08A}.Release|x64.ActiveCfg = Release|x64
		{EEFC5F89-2024-4AC7-BF4B-FD5178F2F08A}.Release|x64.Build.0 = Release|x64
		{EEFC5F89-2024-4AC7-BF4B-FD5178F2F08A}.Release|x86.ActiveCfg = Release|Win32
		{EEFC5F89-2024-4AC7-BF4B-FD5178F2F08A}.Release|x86.Build.0 = Release|Win32
		{C15C9CD7-0418-42D7-A1C5-7EA3764FCB16}.Debug|x64.ActiveCfg = Debug|x64
		{C15C9CD7-0418-42D7-A1C5-7EA3764FCB16}.Debug|x64.Build.0 = Debug|x64
		{C15C9CD7-0418-42D7-A1C5-7EA3764FCB16}.Debug|x86.ActiveCfg = Debug|Win32
		{C15C9CD7-0418-42D7-A1C5-7EA3764FCB16}.Debug|x86.Build.0 = Debug|Win32
		{C15C9CD7-0418-42D7-A1C5-7EA3764FCB16}.Release|x64.ActiveCfg = Release|x64
		{C15C9CD7-0418-42D7-A1C5-7EA3764FCB16}.Release|x64.Build.0 = Release|x64
		{C15C9CD7-0418-42D7-A1C5-7EA3764FCB16}.Release|x86.ActiveCfg = Release|Win32
		{C15C9CD7-0418-42D7-A1C5-7EA3764FCB16}.Release|x86.Build.0 = Release|Win32
		{622E200A-C291-489D-9E25-9EF288E39152}.Debug|x64.ActiveCfg = Debug|x64
		{622E200A-C291-489D-9E25-9EF288E39152}.Debug|x64.Build.0 = Debug|x64
		{622E200A-C291-489D-9E25-9EF288E39152}.Debug|x86.ActiveCfg = Debug|Win32
		{622E200A-C291-489D-9E25-9EF288E39152}.Debug|x86.Build.0 = Debug|Win32
		{622E200A-C291-489D-9E25-9EF288E39152}.Release|x64.ActiveCfg = Release|x64
		{622E200A-C291-489D-9E25-9EF288E39152}.Release|x64.Build.0 = Release|x64
		{622E200A-C291-489D-9E25-9EF288E39152}.Release|x86.ActiveCfg = Release|Win32
		{622E200A-C291-489D-9E25-9EF288E39152}.Release|x86.Build.0 = Release|Win32
		{B0F31D11-D2A3-48C6-872A-B478E4769C58}.Debug|x64.ActiveCfg = Debug|x64
		{B0F31D11-D2A3-48C6-872A-B478E4769C58}.Debug|x64.Build.0 = Debug|x64
		{B0F31D11-D2A3-48C6-872A-B478E4769C58}.Debug|x86.ActiveCfg = Debug|Win32
		{B0F31D11-D2A3-48C6-872A-B478E4769C58}.Debug|x86.Build.0 = Debug|Win32
		{B0F31D11-D2A3-48C6-872A-B478E4769C58}.Release|x64.ActiveCfg = Release|x64
		{B0F31D11-D2A3-48C6-872A-B478E4769C58}.Release|x64.Build.0 = Release|x64
		{B0F31D11-D2A3-48C6-872A-B478E4769C58}.Release|x86.ActiveCfg = Release|Win32
		{B0F31D11-D2A3-48C6-872A-B478E4769C58}.Release|x86.Build.0 = Release|Win32
		{D7E2B7C5-717A-4031-B1AC-1AD406AAF83D}.Debug|x64.ActiveCfg = Debug|x64
		{D7E2B7C5-717A-4031-B1AC-1AD406AAF83D}.Debug|x64.Build.0 = Debug|x64
		{D7E2B7C5-717A-4031-B1AC-1AD406AAF83D}.Debug|x86.ActiveCfg = Debug|Win32
		{D7E2B7C5-717A-4031-B1AC-1AD406AAF83D}.Debug|x86.Build.0 = Debug|Win32
		{D7E2B7C5-717A-4031-B1AC-1AD406AAF83D}.Release|x64.ActiveCfg = Release|x64
		{D7E2B7C5-717A-4031-B1AC-1AD406AAF83D}.Release|x64.Build.0 = Release|x64
		{D7E2B7C5-717A-4031-B1AC-1AD406AAF83D}.Release|x86.ActiveCfg = Release|Win32
		{D7E2B7C5-717A-4031-B1AC-1AD406AAF83D}.Release|x86.Build.0 = Release|Win32
		{6D49EA19-8777-4592-9F42-5C703C4B841C}.Debug|x64.ActiveCfg = Debug|x64
		{6D49EA19-8777-4592-9F42-5C703C4B841C}.Debug|x64.Build.0 = Debug|x64
		{6D49EA19-8777-4592-9F42-5C703C4B841C}.Debug|x86.ActiveCfg = Debug|Win32
		{6D49EA19-8777-4592-9F42-5C703C4B841C}.Debug|x86.Build.0 = Debug|Win32
		{6D49EA19-8777-4592-9F42-5C703C4B841C}.Release|x64.ActiveCfg = Release|x64
		{6D49EA19-8777-4592-9F42-5C703C4B841C}.Release|x64.Build.0 = Release|x64
		{6D49EA19-8777-4592-9F42-5C703C4B841C}.Release|x86.ActiveCfg = Release|Win32
		{6D49EA19-8777-4592-9F42-5C703C4B841C}.Release|x86.Build.0 = Release|Win32
		{227F5653-3857-4922-AB9C-29375DB7D42E}.Debug|x64.ActiveCfg = Debug|x64
		{227F5653-3857-4922-AB9C-29375DB7D42E}.Debug|x64.Build.0 = Debug|x64
		{227F5653-3857-4922-AB9C-29375DB7D42E}.Debug|x86.ActiveCfg = Debug|Win32
		{227F5653-3857-4922-AB9C-29375DB7D42E}.Debug|x86.Build.0 = Debug|Win32
		{227F5653-3857-4922-AB9C-29375DB7D42E}.Release|x64.ActiveCfg = Release|x64
		{227F5653-3857-4922-AB9C-29375DB7D42E}.Release|x64.Build.0 = Release|x64
		{227F5653-3857-4922-AB9C-29375DB7D42E}.Release|x86.ActiveCfg = Release|Win32
		{227F5653-3857-4922-AB9C-29375DB7D42E}.Release|x86.Build.0 = Release|Win32
		{C0023E7E-5A1B-418A-A91A-A46A34AC7880}.Debug|x64.ActiveCfg = Debug|x64
		{C0023E7E-5A1B-418A-A91A-A46A34AC7880}.Debug|x64.Build.0 = Debug|x64
		{C0023E7E-5A1B-418A-A91A-A46A34AC7880}.Debug|x86.ActiveCfg = Debug|Win32
		{C0023E7E-5A1B-418A-A91A-A46A34AC7880}.Debug|x86.Build.0 = Debug|Win32
		{C0023E7E-5A1B-418A-A91A-A46A34AC7880}.Release|x64.ActiveCfg = Release|x64
		{C0023E7E-5A1B-418A-A91A-A46A34AC7880}.Release|x64.Build.0 = Release|x64
		{C0023E7E-5A1B-418A-A91A-A46A34AC7880}.Release|x86.ActiveCfg = Release|Win32
		{C0023E7E-5A1B-418A-A91A-A46A34AC7880}.Release|x86.Build.0 = Release|Win32
	EndGlobalSection
	GlobalSection(SolutionProperties) = preSolution
		HideSolutionNode = FALSE
	EndGlobalSection
	GlobalSection(ExtensibilityGlobals) = postSolution
		SolutionGuid = {542EB252-3D47-45F5-B5A3-7C7F5E7DC73D}
	EndGlobalSection
EndGlobal
